// !$*UTF8*$!
{
	archiveVersion = 1;
	classes = {
	};
	objectVersion = 55;
	objects = {

/* Begin PBXBuildFile section */
		5A3FB7CB2876D51E002177F1 /* AppDelegate.swift in Sources */ = {isa = PBXBuildFile; fileRef = 5A3FB7CA2876D51E002177F1 /* AppDelegate.swift */; };
		5A3FB7CD2876D51E002177F1 /* SceneDelegate.swift in Sources */ = {isa = PBXBuildFile; fileRef = 5A3FB7CC2876D51E002177F1 /* SceneDelegate.swift */; };
		5A3FB7D42876D521002177F1 /* Assets.xcassets in Resources */ = {isa = PBXBuildFile; fileRef = 5A3FB7D32876D521002177F1 /* Assets.xcassets */; };
		5A3FB7D72876D521002177F1 /* LaunchScreen.storyboard in Resources */ = {isa = PBXBuildFile; fileRef = 5A3FB7D52876D521002177F1 /* LaunchScreen.storyboard */; };
		5A3FB7DF2876DF67002177F1 /* ImagesCollectionViewController.swift in Sources */ = {isa = PBXBuildFile; fileRef = 5A3FB7DE2876DF67002177F1 /* ImagesCollectionViewController.swift */; };
		5A3FB7E12876E5ED002177F1 /* Extentions.swift in Sources */ = {isa = PBXBuildFile; fileRef = 5A3FB7E02876E5ED002177F1 /* Extentions.swift */; };
		5A3FB7E32876E8F8002177F1 /* CollectionViewCell.swift in Sources */ = {isa = PBXBuildFile; fileRef = 5A3FB7E22876E8F8002177F1 /* CollectionViewCell.swift */; };
		5A3FB7E5287703F1002177F1 /* ImagesProviger.swift in Sources */ = {isa = PBXBuildFile; fileRef = 5A3FB7E4287703F1002177F1 /* ImagesProviger.swift */; };
		5A547A8528802F47008EA7D7 /* SettingsViewController.swift in Sources */ = {isa = PBXBuildFile; fileRef = 5A547A8428802F47008EA7D7 /* SettingsViewController.swift */; };
		5A547A8728816331008EA7D7 /* KeyChainService.swift in Sources */ = {isa = PBXBuildFile; fileRef = 5A547A8628816331008EA7D7 /* KeyChainService.swift */; };
		5A547A8928817C73008EA7D7 /* Factory.swift in Sources */ = {isa = PBXBuildFile; fileRef = 5A547A8828817C73008EA7D7 /* Factory.swift */; };
		5A547A8B28817C86008EA7D7 /* ModelCredentials.swift in Sources */ = {isa = PBXBuildFile; fileRef = 5A547A8A28817C86008EA7D7 /* ModelCredentials.swift */; };
		5A8C1C57287ED4DB00152085 /* LoginViewController.swift in Sources */ = {isa = PBXBuildFile; fileRef = 5A8C1C56287ED4DB00152085 /* LoginViewController.swift */; };
		5AD17EEA2885643A00CF9D1B /* AlertService.swift in Sources */ = {isa = PBXBuildFile; fileRef = 5AD17EE92885643A00CF9D1B /* AlertService.swift */; };
/* End PBXBuildFile section */

/* Begin PBXFileReference section */
		5A3FB7C72876D51E002177F1 /* FileManagement.app */ = {isa = PBXFileReference; explicitFileType = wrapper.application; includeInIndex = 0; path = FileManagement.app; sourceTree = BUILT_PRODUCTS_DIR; };
		5A3FB7CA2876D51E002177F1 /* AppDelegate.swift */ = {isa = PBXFileReference; lastKnownFileType = sourcecode.swift; path = AppDelegate.swift; sourceTree = "<group>"; };
		5A3FB7CC2876D51E002177F1 /* SceneDelegate.swift */ = {isa = PBXFileReference; lastKnownFileType = sourcecode.swift; path = SceneDelegate.swift; sourceTree = "<group>"; };
		5A3FB7D32876D521002177F1 /* Assets.xcassets */ = {isa = PBXFileReference; lastKnownFileType = folder.assetcatalog; path = Assets.xcassets; sourceTree = "<group>"; };
		5A3FB7D62876D521002177F1 /* Base */ = {isa = PBXFileReference; lastKnownFileType = file.storyboard; name = Base; path = Base.lproj/LaunchScreen.storyboard; sourceTree = "<group>"; };
		5A3FB7D82876D521002177F1 /* Info.plist */ = {isa = PBXFileReference; lastKnownFileType = text.plist.xml; path = Info.plist; sourceTree = "<group>"; };
		5A3FB7DE2876DF67002177F1 /* ImagesCollectionViewController.swift */ = {isa = PBXFileReference; lastKnownFileType = sourcecode.swift; path = ImagesCollectionViewController.swift; sourceTree = "<group>"; };
		5A3FB7E02876E5ED002177F1 /* Extentions.swift */ = {isa = PBXFileReference; lastKnownFileType = sourcecode.swift; path = Extentions.swift; sourceTree = "<group>"; };
		5A3FB7E22876E8F8002177F1 /* CollectionViewCell.swift */ = {isa = PBXFileReference; lastKnownFileType = sourcecode.swift; path = CollectionViewCell.swift; sourceTree = "<group>"; };
		5A3FB7E4287703F1002177F1 /* ImagesProviger.swift */ = {isa = PBXFileReference; lastKnownFileType = sourcecode.swift; path = ImagesProviger.swift; sourceTree = "<group>"; };
		5A547A8428802F47008EA7D7 /* SettingsViewController.swift */ = {isa = PBXFileReference; lastKnownFileType = sourcecode.swift; path = SettingsViewController.swift; sourceTree = "<group>"; };
		5A547A8628816331008EA7D7 /* KeyChainService.swift */ = {isa = PBXFileReference; lastKnownFileType = sourcecode.swift; path = KeyChainService.swift; sourceTree = "<group>"; };
		5A547A8828817C73008EA7D7 /* Factory.swift */ = {isa = PBXFileReference; lastKnownFileType = sourcecode.swift; path = Factory.swift; sourceTree = "<group>"; };
		5A547A8A28817C86008EA7D7 /* ModelCredentials.swift */ = {isa = PBXFileReference; lastKnownFileType = sourcecode.swift; path = ModelCredentials.swift; sourceTree = "<group>"; };
		5A8C1C56287ED4DB00152085 /* LoginViewController.swift */ = {isa = PBXFileReference; lastKnownFileType = sourcecode.swift; path = LoginViewController.swift; sourceTree = "<group>"; };
		5AD17EE92885643A00CF9D1B /* AlertService.swift */ = {isa = PBXFileReference; lastKnownFileType = sourcecode.swift; path = AlertService.swift; sourceTree = "<group>"; };
/* End PBXFileReference section */

/* Begin PBXFrameworksBuildPhase section */
		5A3FB7C42876D51E002177F1 /* Frameworks */ = {
			isa = PBXFrameworksBuildPhase;
			buildActionMask = 2147483647;
			files = (
			);
			runOnlyForDeploymentPostprocessing = 0;
		};
/* End PBXFrameworksBuildPhase section */

/* Begin PBXGroup section */
		5A3FB7BE2876D51E002177F1 = {
			isa = PBXGroup;
			children = (
				5A3FB7C92876D51E002177F1 /* FileManagement */,
				5A3FB7C82876D51E002177F1 /* Products */,
			);
			sourceTree = "<group>";
		};
		5A3FB7C82876D51E002177F1 /* Products */ = {
			isa = PBXGroup;
			children = (
				5A3FB7C72876D51E002177F1 /* FileManagement.app */,
			);
			name = Products;
			sourceTree = "<group>";
		};
		5A3FB7C92876D51E002177F1 /* FileManagement */ = {
			isa = PBXGroup;
			children = (
				5AD17EEB2885708C00CF9D1B /* Services */,
				5A8C1C56287ED4DB00152085 /* LoginViewController.swift */,
				5A547A8428802F47008EA7D7 /* SettingsViewController.swift */,
				5A3FB7DE2876DF67002177F1 /* ImagesCollectionViewController.swift */,
				5A3FB7E22876E8F8002177F1 /* CollectionViewCell.swift */,
				5A547A8A28817C86008EA7D7 /* ModelCredentials.swift */,
				5A547A8828817C73008EA7D7 /* Factory.swift */,
				5A3FB7CA2876D51E002177F1 /* AppDelegate.swift */,
				5A3FB7CC2876D51E002177F1 /* SceneDelegate.swift */,
				5A3FB7E02876E5ED002177F1 /* Extentions.swift */,
				5A3FB7D32876D521002177F1 /* Assets.xcassets */,
				5A3FB7D52876D521002177F1 /* LaunchScreen.storyboard */,
				5A3FB7D82876D521002177F1 /* Info.plist */,
			);
			path = FileManagement;
			sourceTree = "<group>";
		};
		5AD17EEB2885708C00CF9D1B /* Services */ = {
			isa = PBXGroup;
			children = (
				5A547A8628816331008EA7D7 /* KeyChainService.swift */,
				5AD17EE92885643A00CF9D1B /* AlertService.swift */,
				5A3FB7E4287703F1002177F1 /* ImagesProviger.swift */,
			);
			path = Services;
			sourceTree = "<group>";
		};
/* End PBXGroup section */

/* Begin PBXNativeTarget section */
		5A3FB7C62876D51E002177F1 /* FileManagement */ = {
			isa = PBXNativeTarget;
			buildConfigurationList = 5A3FB7DB2876D521002177F1 /* Build configuration list for PBXNativeTarget "FileManagement" */;
			buildPhases = (
				5A3FB7C32876D51E002177F1 /* Sources */,
				5A3FB7C42876D51E002177F1 /* Frameworks */,
				5A3FB7C52876D51E002177F1 /* Resources */,
			);
			buildRules = (
			);
			dependencies = (
			);
			name = FileManagement;
			productName = FileManagement;
			productReference = 5A3FB7C72876D51E002177F1 /* FileManagement.app */;
			productType = "com.apple.product-type.application";
		};
/* End PBXNativeTarget section */

/* Begin PBXProject section */
		5A3FB7BF2876D51E002177F1 /* Project object */ = {
			isa = PBXProject;
			attributes = {
				BuildIndependentTargetsInParallel = 1;
				LastSwiftUpdateCheck = 1340;
				LastUpgradeCheck = 1340;
				TargetAttributes = {
					5A3FB7C62876D51E002177F1 = {
						CreatedOnToolsVersion = 13.4.1;
					};
				};
			};
			buildConfigurationList = 5A3FB7C22876D51E002177F1 /* Build configuration list for PBXProject "FileManagement" */;
			compatibilityVersion = "Xcode 13.0";
			developmentRegion = en;
			hasScannedForEncodings = 0;
			knownRegions = (
				en,
				Base,
			);
			mainGroup = 5A3FB7BE2876D51E002177F1;
			productRefGroup = 5A3FB7C82876D51E002177F1 /* Products */;
			projectDirPath = "";
			projectRoot = "";
			targets = (
				5A3FB7C62876D51E002177F1 /* FileManagement */,
			);
		};
/* End PBXProject section */

/* Begin PBXResourcesBuildPhase section */
		5A3FB7C52876D51E002177F1 /* Resources */ = {
			isa = PBXResourcesBuildPhase;
			buildActionMask = 2147483647;
			files = (
				5A3FB7D72876D521002177F1 /* LaunchScreen.storyboard in Resources */,
				5A3FB7D42876D521002177F1 /* Assets.xcassets in Resources */,
			);
			runOnlyForDeploymentPostprocessing = 0;
		};
/* End PBXResourcesBuildPhase section */

/* Begin PBXSourcesBuildPhase section */
		5A3FB7C32876D51E002177F1 /* Sources */ = {
			isa = PBXSourcesBuildPhase;
			buildActionMask = 2147483647;
			files = (
				5A8C1C57287ED4DB00152085 /* LoginViewController.swift in Sources */,
				5A3FB7DF2876DF67002177F1 /* ImagesCollectionViewController.swift in Sources */,
				5A3FB7E32876E8F8002177F1 /* CollectionViewCell.swift in Sources */,
				5A547A8728816331008EA7D7 /* KeyChainService.swift in Sources */,
				5A547A8928817C73008EA7D7 /* Factory.swift in Sources */,
				5A3FB7E12876E5ED002177F1 /* Extentions.swift in Sources */,
				5A3FB7CB2876D51E002177F1 /* AppDelegate.swift in Sources */,
				5A3FB7CD2876D51E002177F1 /* SceneDelegate.swift in Sources */,
				5A547A8B28817C86008EA7D7 /* ModelCredentials.swift in Sources */,
				5A3FB7E5287703F1002177F1 /* ImagesProviger.swift in Sources */,
				5AD17EEA2885643A00CF9D1B /* AlertService.swift in Sources */,
				5A547A8528802F47008EA7D7 /* SettingsViewController.swift in Sources */,
			);
			runOnlyForDeploymentPostprocessing = 0;
		};
/* End PBXSourcesBuildPhase section */

/* Begin PBXVariantGroup section */
		5A3FB7D52876D521002177F1 /* LaunchScreen.storyboard */ = {
			isa = PBXVariantGroup;
			children = (
				5A3FB7D62876D521002177F1 /* Base */,
			);
			name = LaunchScreen.storyboard;
			sourceTree = "<group>";
		};
/* End PBXVariantGroup section */

/* Begin XCBuildConfiguration section */
		5A3FB7D92876D521002177F1 /* Debug */ = {
			isa = XCBuildConfiguration;
			buildSettings = {
				ALWAYS_SEARCH_USER_PATHS = NO;
				CLANG_ANALYZER_NONNULL = YES;
				CLANG_ANALYZER_NUMBER_OBJECT_CONVERSION = YES_AGGRESSIVE;
				CLANG_CXX_LANGUAGE_STANDARD = "gnu++17";
				CLANG_ENABLE_MODULES = YES;
				CLANG_ENABLE_OBJC_ARC = YES;
				CLANG_ENABLE_OBJC_WEAK = YES;
				CLANG_WARN_BLOCK_CAPTURE_AUTORELEASING = YES;
				CLANG_WARN_BOOL_CONVERSION = YES;
				CLANG_WARN_COMMA = YES;
				CLANG_WARN_CONSTANT_CONVERSION = YES;
				CLANG_WARN_DEPRECATED_OBJC_IMPLEMENTATIONS = YES;
				CLANG_WARN_DIRECT_OBJC_ISA_USAGE = YES_ERROR;
				CLANG_WARN_DOCUMENTATION_COMMENTS = YES;
				CLANG_WARN_EMPTY_BODY = YES;
				CLANG_WARN_ENUM_CONVERSION = YES;
				CLANG_WARN_INFINITE_RECURSION = YES;
				CLANG_WARN_INT_CONVERSION = YES;
				CLANG_WARN_NON_LITERAL_NULL_CONVERSION = YES;
				CLANG_WARN_OBJC_IMPLICIT_RETAIN_SELF = YES;
				CLANG_WARN_OBJC_LITERAL_CONVERSION = YES;
				CLANG_WARN_OBJC_ROOT_CLASS = YES_ERROR;
				CLANG_WARN_QUOTED_INCLUDE_IN_FRAMEWORK_HEADER = YES;
				CLANG_WARN_RANGE_LOOP_ANALYSIS = YES;
				CLANG_WARN_STRICT_PROTOTYPES = YES;
				CLANG_WARN_SUSPICIOUS_MOVE = YES;
				CLANG_WARN_UNGUARDED_AVAILABILITY = YES_AGGRESSIVE;
				CLANG_WARN_UNREACHABLE_CODE = YES;
				CLANG_WARN__DUPLICATE_METHOD_MATCH = YES;
				COPY_PHASE_STRIP = NO;
				DEBUG_INFORMATION_FORMAT = dwarf;
				ENABLE_STRICT_OBJC_MSGSEND = YES;
				ENABLE_TESTABILITY = YES;
				GCC_C_LANGUAGE_STANDARD = gnu11;
				GCC_DYNAMIC_NO_PIC = NO;
				GCC_NO_COMMON_BLOCKS = YES;
				GCC_OPTIMIZATION_LEVEL = 0;
				GCC_PREPROCESSOR_DEFINITIONS = (
					"DEBUG=1",
					"$(inherited)",
				);
				GCC_WARN_64_TO_32_BIT_CONVERSION = YES;
				GCC_WARN_ABOUT_RETURN_TYPE = YES_ERROR;
				GCC_WARN_UNDECLARED_SELECTOR = YES;
				GCC_WARN_UNINITIALIZED_AUTOS = YES_AGGRESSIVE;
				GCC_WARN_UNUSED_FUNCTION = YES;
				GCC_WARN_UNUSED_VARIABLE = YES;
				IPHONEOS_DEPLOYMENT_TARGET = 15.5;
				MTL_ENABLE_DEBUG_INFO = INCLUDE_SOURCE;
				MTL_FAST_MATH = YES;
				ONLY_ACTIVE_ARCH = YES;
				SDKROOT = iphoneos;
				SWIFT_ACTIVE_COMPILATION_CONDITIONS = DEBUG;
				SWIFT_OPTIMIZATION_LEVEL = "-Onone";
			};
			name = Debug;
		};
		5A3FB7DA2876D521002177F1 /* Release */ = {
			isa = XCBuildConfiguration;
			buildSettings = {
				ALWAYS_SEARCH_USER_PATHS = NO;
				CLANG_ANALYZER_NONNULL = YES;
				CLANG_ANALYZER_NUMBER_OBJECT_CONVERSION = YES_AGGRESSIVE;
				CLANG_CXX_LANGUAGE_STANDARD = "gnu++17";
				CLANG_ENABLE_MODULES = YES;
				CLANG_ENABLE_OBJC_ARC = YES;
				CLANG_ENABLE_OBJC_WEAK = YES;
				CLANG_WARN_BLOCK_CAPTURE_AUTORELEASING = YES;
				CLANG_WARN_BOOL_CONVERSION = YES;
				CLANG_WARN_COMMA = YES;
				CLANG_WARN_CONSTANT_CONVERSION = YES;
				CLANG_WARN_DEPRECATED_OBJC_IMPLEMENTATIONS = YES;
				CLANG_WARN_DIRECT_OBJC_ISA_USAGE = YES_ERROR;
				CLANG_WARN_DOCUMENTATION_COMMENTS = YES;
				CLANG_WARN_EMPTY_BODY = YES;
				CLANG_WARN_ENUM_CONVERSION = YES;
				CLANG_WARN_INFINITE_RECURSION = YES;
				CLANG_WARN_INT_CONVERSION = YES;
				CLANG_WARN_NON_LITERAL_NULL_CONVERSION = YES;
				CLANG_WARN_OBJC_IMPLICIT_RETAIN_SELF = YES;
				CLANG_WARN_OBJC_LITERAL_CONVERSION = YES;
				CLANG_WARN_OBJC_ROOT_CLASS = YES_ERROR;
				CLANG_WARN_QUOTED_INCLUDE_IN_FRAMEWORK_HEADER = YES;
				CLANG_WARN_RANGE_LOOP_ANALYSIS = YES;
				CLANG_WARN_STRICT_PROTOTYPES = YES;
				CLANG_WARN_SUSPICIOUS_MOVE = YES;
				CLANG_WARN_UNGUARDED_AVAILABILITY = YES_AGGRESSIVE;
				CLANG_WARN_UNREACHABLE_CODE = YES;
				CLANG_WARN__DUPLICATE_METHOD_MATCH = YES;
				COPY_PHASE_STRIP = NO;
				DEBUG_INFORMATION_FORMAT = "dwarf-with-dsym";
				ENABLE_NS_ASSERTIONS = NO;
				ENABLE_STRICT_OBJC_MSGSEND = YES;
				GCC_C_LANGUAGE_STANDARD = gnu11;
				GCC_NO_COMMON_BLOCKS = YES;
				GCC_WARN_64_TO_32_BIT_CONVERSION = YES;
				GCC_WARN_ABOUT_RETURN_TYPE = YES_ERROR;
				GCC_WARN_UNDECLARED_SELECTOR = YES;
				GCC_WARN_UNINITIALIZED_AUTOS = YES_AGGRESSIVE;
				GCC_WARN_UNUSED_FUNCTION = YES;
				GCC_WARN_UNUSED_VARIABLE = YES;
				IPHONEOS_DEPLOYMENT_TARGET = 15.5;
				MTL_ENABLE_DEBUG_INFO = NO;
				MTL_FAST_MATH = YES;
				SDKROOT = iphoneos;
				SWIFT_COMPILATION_MODE = wholemodule;
				SWIFT_OPTIMIZATION_LEVEL = "-O";
				VALIDATE_PRODUCT = YES;
			};
			name = Release;
		};
		5A3FB7DC2876D521002177F1 /* Debug */ = {
			isa = XCBuildConfiguration;
			buildSettings = {
				ASSETCATALOG_COMPILER_APPICON_NAME = AppIcon;
				ASSETCATALOG_COMPILER_GLOBAL_ACCENT_COLOR_NAME = AccentColor;
				CODE_SIGN_STYLE = Automatic;
				CURRENT_PROJECT_VERSION = 1;
				DEVELOPMENT_TEAM = WKZY6R2Q32;
				GENERATE_INFOPLIST_FILE = YES;
				INFOPLIST_FILE = FileManagement/Info.plist;
				INFOPLIST_KEY_UIApplicationSupportsIndirectInputEvents = YES;
				INFOPLIST_KEY_UILaunchStoryboardName = LaunchScreen;
				INFOPLIST_KEY_UISupportedInterfaceOrientations_iPad = "UIInterfaceOrientationPortrait UIInterfaceOrientationPortraitUpsideDown UIInterfaceOrientationLandscapeLeft UIInterfaceOrientationLandscapeRight";
				INFOPLIST_KEY_UISupportedInterfaceOrientations_iPhone = "UIInterfaceOrientationPortrait UIInterfaceOrientationLandscapeLeft UIInterfaceOrientationLandscapeRight";
				IPHONEOS_DEPLOYMENT_TARGET = 15.0;
				LD_RUNPATH_SEARCH_PATHS = (
					"$(inherited)",
					"@executable_path/Frameworks",
				);
				MARKETING_VERSION = 1.0;
				PRODUCT_BUNDLE_IDENTIFIER = nikonorov.FileManagement;
				PRODUCT_NAME = "$(TARGET_NAME)";
				SWIFT_EMIT_LOC_STRINGS = YES;
				SWIFT_VERSION = 5.0;
				TARGETED_DEVICE_FAMILY = "1,2";
			};
			name = Debug;
		};
		5A3FB7DD2876D521002177F1 /* Release */ = {
			isa = XCBuildConfiguration;
			buildSettings = {
				ASSETCATALOG_COMPILER_APPICON_NAME = AppIcon;
				ASSETCATALOG_COMPILER_GLOBAL_ACCENT_COLOR_NAME = AccentColor;
				CODE_SIGN_STYLE = Automatic;
				CURRENT_PROJECT_VERSION = 1;
				DEVELOPMENT_TEAM = WKZY6R2Q32;
				GENERATE_INFOPLIST_FILE = YES;
				INFOPLIST_FILE = FileManagement/Info.plist;
				INFOPLIST_KEY_UIApplicationSupportsIndirectInputEvents = YES;
				INFOPLIST_KEY_UILaunchStoryboardName = LaunchScreen;
				INFOPLIST_KEY_UISupportedInterfaceOrientations_iPad = "UIInterfaceOrientationPortrait UIInterfaceOrientationPortraitUpsideDown UIInterfaceOrientationLandscapeLeft UIInterfaceOrientationLandscapeRight";
				INFOPLIST_KEY_UISupportedInterfaceOrientations_iPhone = "UIInterfaceOrientationPortrait UIInterfaceOrientationLandscapeLeft UIInterfaceOrientationLandscapeRight";
				IPHONEOS_DEPLOYMENT_TARGET = 15.0;
				LD_RUNPATH_SEARCH_PATHS = (
					"$(inherited)",
					"@executable_path/Frameworks",
				);
				MARKETING_VERSION = 1.0;
				PRODUCT_BUNDLE_IDENTIFIER = nikonorov.FileManagement;
				PRODUCT_NAME = "$(TARGET_NAME)";
				SWIFT_EMIT_LOC_STRINGS = YES;
				SWIFT_VERSION = 5.0;
				TARGETED_DEVICE_FAMILY = "1,2";
			};
			name = Release;
		};
/* End XCBuildConfiguration section */

/* Begin XCConfigurationList section */
		5A3FB7C22876D51E002177F1 /* Build configuration list for PBXProject "FileManagement" */ = {
			isa = XCConfigurationList;
			buildConfigurations = (
				5A3FB7D92876D521002177F1 /* Debug */,
				5A3FB7DA2876D521002177F1 /* Release */,
			);
			defaultConfigurationIsVisible = 0;
			defaultConfigurationName = Release;
		};
		5A3FB7DB2876D521002177F1 /* Build configuration list for PBXNativeTarget "FileManagement" */ = {
			isa = XCConfigurationList;
			buildConfigurations = (
				5A3FB7DC2876D521002177F1 /* Debug */,
				5A3FB7DD2876D521002177F1 /* Release */,
			);
			defaultConfigurationIsVisible = 0;
			defaultConfigurationName = Release;
		};
/* End XCConfigurationList section */
	};
	rootObject = 5A3FB7BF2876D51E002177F1 /* Project object */;
}
